dependencies:
- name: inventory-svc
  repository: file://charts/inventory-svc
  version: 0.1.0
- name: order-svc
  repository: file://charts/order-svc
  version: 0.1.0
- name: inventoryqs-svc
  repository: file://charts/inventoryqs-svc
  version: 0.1.0
digest: sha256:1d524bf4120c75eb343023b39c12fc570f4ccdf632b606fa24d07f19f7176fc3
generated: "2023-08-10T09:27:50.589096+02:00"
